
Microsoft Visual Studio Solution File, Format Version 12.00
# Visual Studio Version 17
VisualStudioVersion = 17.9.34701.34
MinimumVisualStudioVersion = 10.0.40219.1
Project("{FAE04EC0-301F-11D3-BF4B-00C04F79EFBC}") = "Site", "Site\Site.csproj", "{BFB8AF11-F132-42E0-9085-6BB873C5A692}"
EndProject
Global
	GlobalSection(SolutionConfigurationPlatforms) = preSolution
		Debug|Any CPU = Debug|Any CPU
		Release|Any CPU = Release|Any CPU
	EndGlobalSection
	GlobalSection(ProjectConfigurationPlatforms) = postSolution
		{BFB8AF11-F132-42E0-9085-6BB873C5A692}.Debug|Any CPU.ActiveCfg = Debug|Any CPU
		{BFB8AF11-F132-42E0-9085-6BB873C5A692}.Debug|Any CPU.Build.0 = Debug|Any CPU
		{BFB8AF11-F132-42E0-9085-6BB873C5A692}.Release|Any CPU.ActiveCfg = Release|Any CPU
		{BFB8AF11-F132-42E0-9085-6BB873C5A692}.Release|Any CPU.Build.0 = Release|Any CPU
	EndGlobalSection
	GlobalSection(SolutionProperties) = preSolution
		HideSolutionNode = FALSE
	EndGlobalSection
	GlobalSection(ExtensibilityGlobals) = postSolution
		SolutionGuid = {C242F524-C4DA-4F3A-8458-9C6118040A05}
	EndGlobalSection
EndGlobal
